// !$*UTF8*$!
{
	archiveVersion = 1;
	classes = {
	};
	objectVersion = 50;
	objects = {

/* Begin PBXBuildFile section */
		C5653F18233685DF00E61622 /* SongsRemoteDataSource.swift in Sources */ = {isa = PBXBuildFile; fileRef = C5653F17233685DF00E61622 /* SongsRemoteDataSource.swift */; };
		C5653F1B233690B500E61622 /* SongsDataSource.swift in Sources */ = {isa = PBXBuildFile; fileRef = C5653F1A233690B500E61622 /* SongsDataSource.swift */; };
		C59813C9232FB6DE000FF578 /* AppDelegate.swift in Sources */ = {isa = PBXBuildFile; fileRef = C59813C8232FB6DE000FF578 /* AppDelegate.swift */; };
		C59813CE232FB6DE000FF578 /* Main.storyboard in Resources */ = {isa = PBXBuildFile; fileRef = C59813CC232FB6DE000FF578 /* Main.storyboard */; };
		C59813D1232FB6DE000FF578 /* shufflesongs.xcdatamodeld in Sources */ = {isa = PBXBuildFile; fileRef = C59813CF232FB6DE000FF578 /* shufflesongs.xcdatamodeld */; };
		C59813D3232FB6E2000FF578 /* Assets.xcassets in Resources */ = {isa = PBXBuildFile; fileRef = C59813D2232FB6E2000FF578 /* Assets.xcassets */; };
		C59813D6232FB6E2000FF578 /* LaunchScreen.storyboard in Resources */ = {isa = PBXBuildFile; fileRef = C59813D4232FB6E2000FF578 /* LaunchScreen.storyboard */; };
		C59813E1232FB6E2000FF578 /* ViewSongsTests.swift in Sources */ = {isa = PBXBuildFile; fileRef = C59813E0232FB6E2000FF578 /* ViewSongsTests.swift */; };
		C59813EC232FB6E2000FF578 /* shufflesongsUITests.swift in Sources */ = {isa = PBXBuildFile; fileRef = C59813EB232FB6E2000FF578 /* shufflesongsUITests.swift */; };
		C59813FC232FC2F2000FF578 /* ViewSongsPresenter.swift in Sources */ = {isa = PBXBuildFile; fileRef = C59813FB232FC2F2000FF578 /* ViewSongsPresenter.swift */; };
		C59813FE232FC345000FF578 /* ViewSongsViewController.swift in Sources */ = {isa = PBXBuildFile; fileRef = C59813FD232FC345000FF578 /* ViewSongsViewController.swift */; };
		C5981402232FF91C000FF578 /* GetSongs.swift in Sources */ = {isa = PBXBuildFile; fileRef = C5981401232FF91C000FF578 /* GetSongs.swift */; };
		C598140523300E5B000FF578 /* Song.swift in Sources */ = {isa = PBXBuildFile; fileRef = C598140423300E5B000FF578 /* Song.swift */; };
/* End PBXBuildFile section */

/* Begin PBXContainerItemProxy section */
		C59813DD232FB6E2000FF578 /* PBXContainerItemProxy */ = {
			isa = PBXContainerItemProxy;
			containerPortal = C59813BD232FB6DE000FF578 /* Project object */;
			proxyType = 1;
			remoteGlobalIDString = C59813C4232FB6DE000FF578;
			remoteInfo = shufflesongs;
		};
		C59813E8232FB6E2000FF578 /* PBXContainerItemProxy */ = {
			isa = PBXContainerItemProxy;
			containerPortal = C59813BD232FB6DE000FF578 /* Project object */;
			proxyType = 1;
			remoteGlobalIDString = C59813C4232FB6DE000FF578;
			remoteInfo = shufflesongs;
		};
/* End PBXContainerItemProxy section */

/* Begin PBXFileReference section */
		C5653F17233685DF00E61622 /* SongsRemoteDataSource.swift */ = {isa = PBXFileReference; lastKnownFileType = sourcecode.swift; path = SongsRemoteDataSource.swift; sourceTree = "<group>"; };
		C5653F1A233690B500E61622 /* SongsDataSource.swift */ = {isa = PBXFileReference; lastKnownFileType = sourcecode.swift; path = SongsDataSource.swift; sourceTree = "<group>"; };
		C59813C5232FB6DE000FF578 /* shufflesongs.app */ = {isa = PBXFileReference; explicitFileType = wrapper.application; includeInIndex = 0; path = shufflesongs.app; sourceTree = BUILT_PRODUCTS_DIR; };
		C59813C8232FB6DE000FF578 /* AppDelegate.swift */ = {isa = PBXFileReference; lastKnownFileType = sourcecode.swift; path = AppDelegate.swift; sourceTree = "<group>"; };
		C59813CD232FB6DE000FF578 /* Base */ = {isa = PBXFileReference; lastKnownFileType = file.storyboard; name = Base; path = Base.lproj/Main.storyboard; sourceTree = "<group>"; };
		C59813D0232FB6DE000FF578 /* shufflesongs.xcdatamodel */ = {isa = PBXFileReference; lastKnownFileType = wrapper.xcdatamodel; path = shufflesongs.xcdatamodel; sourceTree = "<group>"; };
		C59813D2232FB6E2000FF578 /* Assets.xcassets */ = {isa = PBXFileReference; lastKnownFileType = folder.assetcatalog; path = Assets.xcassets; sourceTree = "<group>"; };
		C59813D5232FB6E2000FF578 /* Base */ = {isa = PBXFileReference; lastKnownFileType = file.storyboard; name = Base; path = Base.lproj/LaunchScreen.storyboard; sourceTree = "<group>"; };
		C59813D7232FB6E2000FF578 /* Info.plist */ = {isa = PBXFileReference; lastKnownFileType = text.plist.xml; path = Info.plist; sourceTree = "<group>"; };
		C59813DC232FB6E2000FF578 /* shufflesongsTests.xctest */ = {isa = PBXFileReference; explicitFileType = wrapper.cfbundle; includeInIndex = 0; path = shufflesongsTests.xctest; sourceTree = BUILT_PRODUCTS_DIR; };
		C59813E0232FB6E2000FF578 /* ViewSongsTests.swift */ = {isa = PBXFileReference; lastKnownFileType = sourcecode.swift; path = ViewSongsTests.swift; sourceTree = "<group>"; };
		C59813E2232FB6E2000FF578 /* Info.plist */ = {isa = PBXFileReference; lastKnownFileType = text.plist.xml; path = Info.plist; sourceTree = "<group>"; };
		C59813E7232FB6E2000FF578 /* shufflesongsUITests.xctest */ = {isa = PBXFileReference; explicitFileType = wrapper.cfbundle; includeInIndex = 0; path = shufflesongsUITests.xctest; sourceTree = BUILT_PRODUCTS_DIR; };
		C59813EB232FB6E2000FF578 /* shufflesongsUITests.swift */ = {isa = PBXFileReference; lastKnownFileType = sourcecode.swift; path = shufflesongsUITests.swift; sourceTree = "<group>"; };
		C59813ED232FB6E2000FF578 /* Info.plist */ = {isa = PBXFileReference; lastKnownFileType = text.plist.xml; path = Info.plist; sourceTree = "<group>"; };
		C59813FB232FC2F2000FF578 /* ViewSongsPresenter.swift */ = {isa = PBXFileReference; lastKnownFileType = sourcecode.swift; path = ViewSongsPresenter.swift; sourceTree = "<group>"; };
		C59813FD232FC345000FF578 /* ViewSongsViewController.swift */ = {isa = PBXFileReference; lastKnownFileType = sourcecode.swift; path = ViewSongsViewController.swift; sourceTree = "<group>"; };
		C5981401232FF91C000FF578 /* GetSongs.swift */ = {isa = PBXFileReference; lastKnownFileType = sourcecode.swift; path = GetSongs.swift; sourceTree = "<group>"; };
		C598140423300E5B000FF578 /* Song.swift */ = {isa = PBXFileReference; lastKnownFileType = sourcecode.swift; path = Song.swift; sourceTree = "<group>"; };
/* End PBXFileReference section */

/* Begin PBXFrameworksBuildPhase section */
		C59813C2232FB6DE000FF578 /* Frameworks */ = {
			isa = PBXFrameworksBuildPhase;
			buildActionMask = 2147483647;
			files = (
			);
			runOnlyForDeploymentPostprocessing = 0;
		};
		C59813D9232FB6E2000FF578 /* Frameworks */ = {
			isa = PBXFrameworksBuildPhase;
			buildActionMask = 2147483647;
			files = (
			);
			runOnlyForDeploymentPostprocessing = 0;
		};
		C59813E4232FB6E2000FF578 /* Frameworks */ = {
			isa = PBXFrameworksBuildPhase;
			buildActionMask = 2147483647;
			files = (
			);
			runOnlyForDeploymentPostprocessing = 0;
		};
/* End PBXFrameworksBuildPhase section */

/* Begin PBXGroup section */
		C5653F16233685AF00E61622 /* remote */ = {
			isa = PBXGroup;
			children = (
				C5653F17233685DF00E61622 /* SongsRemoteDataSource.swift */,
			);
			path = remote;
			sourceTree = "<group>";
		};
		C5653F192336908C00E61622 /* datasource */ = {
			isa = PBXGroup;
			children = (
				C5653F1A233690B500E61622 /* SongsDataSource.swift */,
			);
			path = datasource;
			sourceTree = "<group>";
		};
		C59813BC232FB6DE000FF578 = {
			isa = PBXGroup;
			children = (
				C59813C7232FB6DE000FF578 /* shufflesongs */,
				C59813DF232FB6E2000FF578 /* shufflesongsTests */,
				C59813EA232FB6E2000FF578 /* shufflesongsUITests */,
				C59813C6232FB6DE000FF578 /* Products */,
			);
			sourceTree = "<group>";
		};
		C59813C6232FB6DE000FF578 /* Products */ = {
			isa = PBXGroup;
			children = (
				C59813C5232FB6DE000FF578 /* shufflesongs.app */,
				C59813DC232FB6E2000FF578 /* shufflesongsTests.xctest */,
				C59813E7232FB6E2000FF578 /* shufflesongsUITests.xctest */,
			);
			name = Products;
			sourceTree = "<group>";
		};
		C59813C7232FB6DE000FF578 /* shufflesongs */ = {
			isa = PBXGroup;
			children = (
				C59813C8232FB6DE000FF578 /* AppDelegate.swift */,
				C59813D2232FB6E2000FF578 /* Assets.xcassets */,
				C598140323300A0C000FF578 /* data */,
				C59813D7232FB6E2000FF578 /* Info.plist */,
				C59813CF232FB6DE000FF578 /* shufflesongs.xcdatamodeld */,
				C59813F9232FC27B000FF578 /* view */,
				C59813FA232FC2C7000FF578 /* viewSongs */,
			);
			path = shufflesongs;
			sourceTree = "<group>";
		};
		C59813DF232FB6E2000FF578 /* shufflesongsTests */ = {
			isa = PBXGroup;
			children = (
				C59813E0232FB6E2000FF578 /* ViewSongsTests.swift */,
				C59813E2232FB6E2000FF578 /* Info.plist */,
			);
			path = shufflesongsTests;
			sourceTree = "<group>";
		};
		C59813EA232FB6E2000FF578 /* shufflesongsUITests */ = {
			isa = PBXGroup;
			children = (
				C59813EB232FB6E2000FF578 /* shufflesongsUITests.swift */,
				C59813ED232FB6E2000FF578 /* Info.plist */,
			);
			path = shufflesongsUITests;
			sourceTree = "<group>";
		};
		C59813F9232FC27B000FF578 /* view */ = {
			isa = PBXGroup;
			children = (
				C59813D4232FB6E2000FF578 /* LaunchScreen.storyboard */,
				C59813CC232FB6DE000FF578 /* Main.storyboard */,
			);
			path = view;
			sourceTree = "<group>";
		};
		C59813FA232FC2C7000FF578 /* viewSongs */ = {
			isa = PBXGroup;
			children = (
				C59813FF232FF8DD000FF578 /* domain */,
				C59813FB232FC2F2000FF578 /* ViewSongsPresenter.swift */,
				C59813FD232FC345000FF578 /* ViewSongsViewController.swift */,
			);
			path = viewSongs;
			sourceTree = "<group>";
		};
		C59813FF232FF8DD000FF578 /* domain */ = {
			isa = PBXGroup;
			children = (
				C5981400232FF8E9000FF578 /* usecase */,
			);
			path = domain;
			sourceTree = "<group>";
		};
		C5981400232FF8E9000FF578 /* usecase */ = {
			isa = PBXGroup;
			children = (
				C5981401232FF91C000FF578 /* GetSongs.swift */,
			);
			path = usecase;
			sourceTree = "<group>";
		};
		C598140323300A0C000FF578 /* data */ = {
			isa = PBXGroup;
			children = (
				C5653F192336908C00E61622 /* datasource */,
				C5653F16233685AF00E61622 /* remote */,
				C598140623300E67000FF578 /* model */,
			);
			path = data;
			sourceTree = "<group>";
		};
		C598140623300E67000FF578 /* model */ = {
			isa = PBXGroup;
			children = (
				C598140423300E5B000FF578 /* Song.swift */,
			);
			path = model;
			sourceTree = "<group>";
		};
/* End PBXGroup section */

/* Begin PBXNativeTarget section */
		C59813C4232FB6DE000FF578 /* shufflesongs */ = {
			isa = PBXNativeTarget;
			buildConfigurationList = C59813F0232FB6E2000FF578 /* Build configuration list for PBXNativeTarget "shufflesongs" */;
			buildPhases = (
				C59813C1232FB6DE000FF578 /* Sources */,
				C59813C2232FB6DE000FF578 /* Frameworks */,
				C59813C3232FB6DE000FF578 /* Resources */,
			);
			buildRules = (
			);
			dependencies = (
			);
			name = shufflesongs;
			productName = shufflesongs;
			productReference = C59813C5232FB6DE000FF578 /* shufflesongs.app */;
			productType = "com.apple.product-type.application";
		};
		C59813DB232FB6E2000FF578 /* shufflesongsTests */ = {
			isa = PBXNativeTarget;
			buildConfigurationList = C59813F3232FB6E2000FF578 /* Build configuration list for PBXNativeTarget "shufflesongsTests" */;
			buildPhases = (
				C59813D8232FB6E2000FF578 /* Sources */,
				C59813D9232FB6E2000FF578 /* Frameworks */,
				C59813DA232FB6E2000FF578 /* Resources */,
			);
			buildRules = (
			);
			dependencies = (
				C59813DE232FB6E2000FF578 /* PBXTargetDependency */,
			);
			name = shufflesongsTests;
			productName = shufflesongsTests;
			productReference = C59813DC232FB6E2000FF578 /* shufflesongsTests.xctest */;
			productType = "com.apple.product-type.bundle.unit-test";
		};
		C59813E6232FB6E2000FF578 /* shufflesongsUITests */ = {
			isa = PBXNativeTarget;
			buildConfigurationList = C59813F6232FB6E2000FF578 /* Build configuration list for PBXNativeTarget "shufflesongsUITests" */;
			buildPhases = (
				C59813E3232FB6E2000FF578 /* Sources */,
				C59813E4232FB6E2000FF578 /* Frameworks */,
				C59813E5232FB6E2000FF578 /* Resources */,
			);
			buildRules = (
			);
			dependencies = (
				C59813E9232FB6E2000FF578 /* PBXTargetDependency */,
			);
			name = shufflesongsUITests;
			productName = shufflesongsUITests;
			productReference = C59813E7232FB6E2000FF578 /* shufflesongsUITests.xctest */;
			productType = "com.apple.product-type.bundle.ui-testing";
		};
/* End PBXNativeTarget section */

/* Begin PBXProject section */
		C59813BD232FB6DE000FF578 /* Project object */ = {
			isa = PBXProject;
			attributes = {
				LastSwiftUpdateCheck = 1010;
				LastUpgradeCheck = 1010;
				ORGANIZATIONNAME = tw;
				TargetAttributes = {
					C59813C4232FB6DE000FF578 = {
						CreatedOnToolsVersion = 10.1;
					};
					C59813DB232FB6E2000FF578 = {
						CreatedOnToolsVersion = 10.1;
						TestTargetID = C59813C4232FB6DE000FF578;
					};
					C59813E6232FB6E2000FF578 = {
						CreatedOnToolsVersion = 10.1;
						TestTargetID = C59813C4232FB6DE000FF578;
					};
				};
			};
			buildConfigurationList = C59813C0232FB6DE000FF578 /* Build configuration list for PBXProject "shufflesongs" */;
			compatibilityVersion = "Xcode 9.3";
			developmentRegion = en;
			hasScannedForEncodings = 0;
			knownRegions = (
				en,
				Base,
			);
			mainGroup = C59813BC232FB6DE000FF578;
			productRefGroup = C59813C6232FB6DE000FF578 /* Products */;
			projectDirPath = "";
			projectRoot = "";
			targets = (
				C59813C4232FB6DE000FF578 /* shufflesongs */,
				C59813DB232FB6E2000FF578 /* shufflesongsTests */,
				C59813E6232FB6E2000FF578 /* shufflesongsUITests */,
			);
		};
/* End PBXProject section */

/* Begin PBXResourcesBuildPhase section */
		C59813C3232FB6DE000FF578 /* Resources */ = {
			isa = PBXResourcesBuildPhase;
			buildActionMask = 2147483647;
			files = (
				C59813D6232FB6E2000FF578 /* LaunchScreen.storyboard in Resources */,
				C59813D3232FB6E2000FF578 /* Assets.xcassets in Resources */,
				C59813CE232FB6DE000FF578 /* Main.storyboard in Resources */,
			);
			runOnlyForDeploymentPostprocessing = 0;
		};
		C59813DA232FB6E2000FF578 /* Resources */ = {
			isa = PBXResourcesBuildPhase;
			buildActionMask = 2147483647;
			files = (
			);
			runOnlyForDeploymentPostprocessing = 0;
		};
		C59813E5232FB6E2000FF578 /* Resources */ = {
			isa = PBXResourcesBuildPhase;
			buildActionMask = 2147483647;
			files = (
			);
			runOnlyForDeploymentPostprocessing = 0;
		};
/* End PBXResourcesBuildPhase section */

/* Begin PBXSourcesBuildPhase section */
		C59813C1232FB6DE000FF578 /* Sources */ = {
			isa = PBXSourcesBuildPhase;
			buildActionMask = 2147483647;
			files = (
				C598140523300E5B000FF578 /* Song.swift in Sources */,
				C59813FE232FC345000FF578 /* ViewSongsViewController.swift in Sources */,
				C5981402232FF91C000FF578 /* GetSongs.swift in Sources */,
				C59813FC232FC2F2000FF578 /* ViewSongsPresenter.swift in Sources */,
				C59813C9232FB6DE000FF578 /* AppDelegate.swift in Sources */,
				C59813D1232FB6DE000FF578 /* shufflesongs.xcdatamodeld in Sources */,
				C5653F18233685DF00E61622 /* SongsRemoteDataSource.swift in Sources */,
				C5653F1B233690B500E61622 /* SongsDataSource.swift in Sources */,
			);
			runOnlyForDeploymentPostprocessing = 0;
		};
		C59813D8232FB6E2000FF578 /* Sources */ = {
			isa = PBXSourcesBuildPhase;
			buildActionMask = 2147483647;
			files = (
				C59813E1232FB6E2000FF578 /* ViewSongsTests.swift in Sources */,
			);
			runOnlyForDeploymentPostprocessing = 0;
		};
		C59813E3232FB6E2000FF578 /* Sources */ = {
			isa = PBXSourcesBuildPhase;
			buildActionMask = 2147483647;
			files = (
				C59813EC232FB6E2000FF578 /* shufflesongsUITests.swift in Sources */,
			);
			runOnlyForDeploymentPostprocessing = 0;
		};
/* End PBXSourcesBuildPhase section */

/* Begin PBXTargetDependency section */
		C59813DE232FB6E2000FF578 /* PBXTargetDependency */ = {
			isa = PBXTargetDependency;
			target = C59813C4232FB6DE000FF578 /* shufflesongs */;
			targetProxy = C59813DD232FB6E2000FF578 /* PBXContainerItemProxy */;
		};
		C59813E9232FB6E2000FF578 /* PBXTargetDependency */ = {
			isa = PBXTargetDependency;
			target = C59813C4232FB6DE000FF578 /* shufflesongs */;
			targetProxy = C59813E8232FB6E2000FF578 /* PBXContainerItemProxy */;
		};
/* End PBXTargetDependency section */

/* Begin PBXVariantGroup section */
		C59813CC232FB6DE000FF578 /* Main.storyboard */ = {
			isa = PBXVariantGroup;
			children = (
				C59813CD232FB6DE000FF578 /* Base */,
			);
			name = Main.storyboard;
			sourceTree = "<group>";
		};
		C59813D4232FB6E2000FF578 /* LaunchScreen.storyboard */ = {
			isa = PBXVariantGroup;
			children = (
				C59813D5232FB6E2000FF578 /* Base */,
			);
			name = LaunchScreen.storyboard;
			sourceTree = "<group>";
		};
/* End PBXVariantGroup section */

/* Begin XCBuildConfiguration section */
		C59813EE232FB6E2000FF578 /* Debug */ = {
			isa = XCBuildConfiguration;
			buildSettings = {
				ALWAYS_SEARCH_USER_PATHS = NO;
				CLANG_ANALYZER_NONNULL = YES;
				CLANG_ANALYZER_NUMBER_OBJECT_CONVERSION = YES_AGGRESSIVE;
				CLANG_CXX_LANGUAGE_STANDARD = "gnu++14";
				CLANG_CXX_LIBRARY = "libc++";
				CLANG_ENABLE_MODULES = YES;
				CLANG_ENABLE_OBJC_ARC = YES;
				CLANG_ENABLE_OBJC_WEAK = YES;
				CLANG_WARN_BLOCK_CAPTURE_AUTORELEASING = YES;
				CLANG_WARN_BOOL_CONVERSION = YES;
				CLANG_WARN_COMMA = YES;
				CLANG_WARN_CONSTANT_CONVERSION = YES;
				CLANG_WARN_DEPRECATED_OBJC_IMPLEMENTATIONS = YES;
				CLANG_WARN_DIRECT_OBJC_ISA_USAGE = YES_ERROR;
				CLANG_WARN_DOCUMENTATION_COMMENTS = YES;
				CLANG_WARN_EMPTY_BODY = YES;
				CLANG_WARN_ENUM_CONVERSION = YES;
				CLANG_WARN_INFINITE_RECURSION = YES;
				CLANG_WARN_INT_CONVERSION = YES;
				CLANG_WARN_NON_LITERAL_NULL_CONVERSION = YES;
				CLANG_WARN_OBJC_IMPLICIT_RETAIN_SELF = YES;
				CLANG_WARN_OBJC_LITERAL_CONVERSION = YES;
				CLANG_WARN_OBJC_ROOT_CLASS = YES_ERROR;
				CLANG_WARN_RANGE_LOOP_ANALYSIS = YES;
				CLANG_WARN_STRICT_PROTOTYPES = YES;
				CLANG_WARN_SUSPICIOUS_MOVE = YES;
				CLANG_WARN_UNGUARDED_AVAILABILITY = YES_AGGRESSIVE;
				CLANG_WARN_UNREACHABLE_CODE = YES;
				CLANG_WARN__DUPLICATE_METHOD_MATCH = YES;
				CODE_SIGN_IDENTITY = "iPhone Developer";
				COPY_PHASE_STRIP = NO;
				DEBUG_INFORMATION_FORMAT = dwarf;
				ENABLE_STRICT_OBJC_MSGSEND = YES;
				ENABLE_TESTABILITY = YES;
				GCC_C_LANGUAGE_STANDARD = gnu11;
				GCC_DYNAMIC_NO_PIC = NO;
				GCC_NO_COMMON_BLOCKS = YES;
				GCC_OPTIMIZATION_LEVEL = 0;
				GCC_PREPROCESSOR_DEFINITIONS = (
					"DEBUG=1",
					"$(inherited)",
				);
				GCC_WARN_64_TO_32_BIT_CONVERSION = YES;
				GCC_WARN_ABOUT_RETURN_TYPE = YES_ERROR;
				GCC_WARN_UNDECLARED_SELECTOR = YES;
				GCC_WARN_UNINITIALIZED_AUTOS = YES_AGGRESSIVE;
				GCC_WARN_UNUSED_FUNCTION = YES;
				GCC_WARN_UNUSED_VARIABLE = YES;
				IPHONEOS_DEPLOYMENT_TARGET = 12.1;
				MTL_ENABLE_DEBUG_INFO = INCLUDE_SOURCE;
				MTL_FAST_MATH = YES;
				ONLY_ACTIVE_ARCH = YES;
				SDKROOT = iphoneos;
				SWIFT_ACTIVE_COMPILATION_CONDITIONS = DEBUG;
				SWIFT_OPTIMIZATION_LEVEL = "-Onone";
			};
			name = Debug;
		};
		C59813EF232FB6E2000FF578 /* Release */ = {
			isa = XCBuildConfiguration;
			buildSettings = {
				ALWAYS_SEARCH_USER_PATHS = NO;
				CLANG_ANALYZER_NONNULL = YES;
				CLANG_ANALYZER_NUMBER_OBJECT_CONVERSION = YES_AGGRESSIVE;
				CLANG_CXX_LANGUAGE_STANDARD = "gnu++14";
				CLANG_CXX_LIBRARY = "libc++";
				CLANG_ENABLE_MODULES = YES;
				CLANG_ENABLE_OBJC_ARC = YES;
				CLANG_ENABLE_OBJC_WEAK = YES;
				CLANG_WARN_BLOCK_CAPTURE_AUTORELEASING = YES;
				CLANG_WARN_BOOL_CONVERSION = YES;
				CLANG_WARN_COMMA = YES;
				CLANG_WARN_CONSTANT_CONVERSION = YES;
				CLANG_WARN_DEPRECATED_OBJC_IMPLEMENTATIONS = YES;
				CLANG_WARN_DIRECT_OBJC_ISA_USAGE = YES_ERROR;
				CLANG_WARN_DOCUMENTATION_COMMENTS = YES;
				CLANG_WARN_EMPTY_BODY = YES;
				CLANG_WARN_ENUM_CONVERSION = YES;
				CLANG_WARN_INFINITE_RECURSION = YES;
				CLANG_WARN_INT_CONVERSION = YES;
				CLANG_WARN_NON_LITERAL_NULL_CONVERSION = YES;
				CLANG_WARN_OBJC_IMPLICIT_RETAIN_SELF = YES;
				CLANG_WARN_OBJC_LITERAL_CONVERSION = YES;
				CLANG_WARN_OBJC_ROOT_CLASS = YES_ERROR;
				CLANG_WARN_RANGE_LOOP_ANALYSIS = YES;
				CLANG_WARN_STRICT_PROTOTYPES = YES;
				CLANG_WARN_SUSPICIOUS_MOVE = YES;
				CLANG_WARN_UNGUARDED_AVAILABILITY = YES_AGGRESSIVE;
				CLANG_WARN_UNREACHABLE_CODE = YES;
				CLANG_WARN__DUPLICATE_METHOD_MATCH = YES;
				CODE_SIGN_IDENTITY = "iPhone Developer";
				COPY_PHASE_STRIP = NO;
				DEBUG_INFORMATION_FORMAT = "dwarf-with-dsym";
				ENABLE_NS_ASSERTIONS = NO;
				ENABLE_STRICT_OBJC_MSGSEND = YES;
				GCC_C_LANGUAGE_STANDARD = gnu11;
				GCC_NO_COMMON_BLOCKS = YES;
				GCC_WARN_64_TO_32_BIT_CONVERSION = YES;
				GCC_WARN_ABOUT_RETURN_TYPE = YES_ERROR;
				GCC_WARN_UNDECLARED_SELECTOR = YES;
				GCC_WARN_UNINITIALIZED_AUTOS = YES_AGGRESSIVE;
				GCC_WARN_UNUSED_FUNCTION = YES;
				GCC_WARN_UNUSED_VARIABLE = YES;
				IPHONEOS_DEPLOYMENT_TARGET = 12.1;
				MTL_ENABLE_DEBUG_INFO = NO;
				MTL_FAST_MATH = YES;
				SDKROOT = iphoneos;
				SWIFT_COMPILATION_MODE = wholemodule;
				SWIFT_OPTIMIZATION_LEVEL = "-O";
				VALIDATE_PRODUCT = YES;
			};
			name = Release;
		};
		C59813F1232FB6E2000FF578 /* Debug */ = {
			isa = XCBuildConfiguration;
			buildSettings = {
				ASSETCATALOG_COMPILER_APPICON_NAME = AppIcon;
				CODE_SIGN_STYLE = Automatic;
				INFOPLIST_FILE = shufflesongs/Info.plist;
				LD_RUNPATH_SEARCH_PATHS = (
					"$(inherited)",
					"@executable_path/Frameworks",
				);
				PRODUCT_BUNDLE_IDENTIFIER = com.tw.shufflesongs;
				PRODUCT_NAME = "$(TARGET_NAME)";
				SWIFT_VERSION = 4.2;
				TARGETED_DEVICE_FAMILY = "1,2";
			};
			name = Debug;
		};
		C59813F2232FB6E2000FF578 /* Release */ = {
			isa = XCBuildConfiguration;
			buildSettings = {
				ASSETCATALOG_COMPILER_APPICON_NAME = AppIcon;
				CODE_SIGN_STYLE = Automatic;
				INFOPLIST_FILE = shufflesongs/Info.plist;
				LD_RUNPATH_SEARCH_PATHS = (
					"$(inherited)",
					"@executable_path/Frameworks",
				);
				PRODUCT_BUNDLE_IDENTIFIER = com.tw.shufflesongs;
				PRODUCT_NAME = "$(TARGET_NAME)";
				SWIFT_VERSION = 4.2;
				TARGETED_DEVICE_FAMILY = "1,2";
			};
			name = Release;
		};
		C59813F4232FB6E2000FF578 /* Debug */ = {
			isa = XCBuildConfiguration;
			buildSettings = {
				ALWAYS_EMBED_SWIFT_STANDARD_LIBRARIES = YES;
				BUNDLE_LOADER = "$(TEST_HOST)";
				CODE_SIGN_STYLE = Automatic;
				INFOPLIST_FILE = shufflesongsTests/Info.plist;
				LD_RUNPATH_SEARCH_PATHS = (
					"$(inherited)",
					"@executable_path/Frameworks",
					"@loader_path/Frameworks",
				);
				PRODUCT_BUNDLE_IDENTIFIER = com.tw.shufflesongsTests;
				PRODUCT_NAME = "$(TARGET_NAME)";
				SWIFT_VERSION = 4.2;
				TARGETED_DEVICE_FAMILY = "1,2";
				TEST_HOST = "$(BUILT_PRODUCTS_DIR)/shufflesongs.app/shufflesongs";
			};
			name = Debug;
		};
		C59813F5232FB6E2000FF578 /* Release */ = {
			isa = XCBuildConfiguration;
			buildSettings = {
				ALWAYS_EMBED_SWIFT_STANDARD_LIBRARIES = YES;
				BUNDLE_LOADER = "$(TEST_HOST)";
				CODE_SIGN_STYLE = Automatic;
				INFOPLIST_FILE = shufflesongsTests/Info.plist;
				LD_RUNPATH_SEARCH_PATHS = (
					"$(inherited)",
					"@executable_path/Frameworks",
					"@loader_path/Frameworks",
				);
				PRODUCT_BUNDLE_IDENTIFIER = com.tw.shufflesongsTests;
				PRODUCT_NAME = "$(TARGET_NAME)";
				SWIFT_VERSION = 4.2;
				TARGETED_DEVICE_FAMILY = "1,2";
				TEST_HOST = "$(BUILT_PRODUCTS_DIR)/shufflesongs.app/shufflesongs";
			};
			name = Release;
		};
		C59813F7232FB6E2000FF578 /* Debug */ = {
			isa = XCBuildConfiguration;
			buildSettings = {
				ALWAYS_EMBED_SWIFT_STANDARD_LIBRARIES = YES;
				CODE_SIGN_STYLE = Automatic;
				INFOPLIST_FILE = shufflesongsUITests/Info.plist;
				LD_RUNPATH_SEARCH_PATHS = (
					"$(inherited)",
					"@executable_path/Frameworks",
					"@loader_path/Frameworks",
				);
				PRODUCT_BUNDLE_IDENTIFIER = com.tw.shufflesongsUITests;
				PRODUCT_NAME = "$(TARGET_NAME)";
				SWIFT_VERSION = 4.2;
				TARGETED_DEVICE_FAMILY = "1,2";
				TEST_TARGET_NAME = shufflesongs;
			};
			name = Debug;
		};
		C59813F8232FB6E2000FF578 /* Release */ = {
			isa = XCBuildConfiguration;
			buildSettings = {
				ALWAYS_EMBED_SWIFT_STANDARD_LIBRARIES = YES;
				CODE_SIGN_STYLE = Automatic;
				INFOPLIST_FILE = shufflesongsUITests/Info.plist;
				LD_RUNPATH_SEARCH_PATHS = (
					"$(inherited)",
					"@executable_path/Frameworks",
					"@loader_path/Frameworks",
				);
				PRODUCT_BUNDLE_IDENTIFIER = com.tw.shufflesongsUITests;
				PRODUCT_NAME = "$(TARGET_NAME)";
				SWIFT_VERSION = 4.2;
				TARGETED_DEVICE_FAMILY = "1,2";
				TEST_TARGET_NAME = shufflesongs;
			};
			name = Release;
		};
/* End XCBuildConfiguration section */

/* Begin XCConfigurationList section */
		C59813C0232FB6DE000FF578 /* Build configuration list for PBXProject "shufflesongs" */ = {
			isa = XCConfigurationList;
			buildConfigurations = (
				C59813EE232FB6E2000FF578 /* Debug */,
				C59813EF232FB6E2000FF578 /* Release */,
			);
			defaultConfigurationIsVisible = 0;
			defaultConfigurationName = Release;
		};
		C59813F0232FB6E2000FF578 /* Build configuration list for PBXNativeTarget "shufflesongs" */ = {
			isa = XCConfigurationList;
			buildConfigurations = (
				C59813F1232FB6E2000FF578 /* Debug */,
				C59813F2232FB6E2000FF578 /* Release */,
			);
			defaultConfigurationIsVisible = 0;
			defaultConfigurationName = Release;
		};
		C59813F3232FB6E2000FF578 /* Build configuration list for PBXNativeTarget "shufflesongsTests" */ = {
			isa = XCConfigurationList;
			buildConfigurations = (
				C59813F4232FB6E2000FF578 /* Debug */,
				C59813F5232FB6E2000FF578 /* Release */,
			);
			defaultConfigurationIsVisible = 0;
			defaultConfigurationName = Release;
		};
		C59813F6232FB6E2000FF578 /* Build configuration list for PBXNativeTarget "shufflesongsUITests" */ = {
			isa = XCConfigurationList;
			buildConfigurations = (
				C59813F7232FB6E2000FF578 /* Debug */,
				C59813F8232FB6E2000FF578 /* Release */,
			);
			defaultConfigurationIsVisible = 0;
			defaultConfigurationName = Release;
		};
/* End XCConfigurationList section */

/* Begin XCVersionGroup section */
		C59813CF232FB6DE000FF578 /* shufflesongs.xcdatamodeld */ = {
			isa = XCVersionGroup;
			children = (
				C59813D0232FB6DE000FF578 /* shufflesongs.xcdatamodel */,
			);
			currentVersion = C59813D0232FB6DE000FF578 /* shufflesongs.xcdatamodel */;
			path = shufflesongs.xcdatamodeld;
			sourceTree = "<group>";
			versionGroupType = wrapper.xcdatamodel;
		};
/* End XCVersionGroup section */
	};
	rootObject = C59813BD232FB6DE000FF578 /* Project object */;
}
